{
  "version": 4,
  "terraform_version": "0.13.5",
  "serial": 5,
  "lineage": "828f253e-f932-ee3f-2214-9b2c2c5a8f31",
  "outputs": {},
  "resources": [
    {
      "mode": "managed",
      "type": "junos_policyoptions_prefix_list",
      "name": "PE1_project_1",
      "provider": "provider[\"registry.local/jeremmfr/junos\"]",
      "instances": [
        {
          "schema_version": 0,
          "attributes": {
            "apply_path": "",
            "dynamic_db": false,
            "id": "import-GCP-DX",
            "name": "import-GCP-DX",
            "prefix": [
              "10.233.0.0/24"
            ]
          },
          "private": "bnVsbA=="
        }
      ]
    }
  ]
}
